
Microsoft Visual Studio Solution File, Format Version 12.00
# Visual Studio Version 17
VisualStudioVersion = 17.13.35931.197 d17.13
MinimumVisualStudioVersion = 10.0.40219.1
Project("{FAE04EC0-301F-11D3-BF4B-00C04F79EFBC}") = "rmn-be", "rmn-be.csproj", "{36179B6D-69ED-3513-83A6-347213B33DF7}"
EndProject
Global
	GlobalSection(SolutionConfigurationPlatforms) = preSolution
		Debug|Any CPU = Debug|Any CPU
		Release|Any CPU = Release|Any CPU
	EndGlobalSection
	GlobalSection(ProjectConfigurationPlatforms) = postSolution
		{36179B6D-69ED-3513-83A6-347213B33DF7}.Debug|Any CPU.ActiveCfg = Debug|Any CPU
		{36179B6D-69ED-3513-83A6-347213B33DF7}.Debug|Any CPU.Build.0 = Debug|Any CPU
		{36179B6D-69ED-3513-83A6-347213B33DF7}.Release|Any CPU.ActiveCfg = Release|Any CPU
		{36179B6D-69ED-3513-83A6-347213B33DF7}.Release|Any CPU.Build.0 = Release|Any CPU
	EndGlobalSection
	GlobalSection(SolutionProperties) = preSolution
		HideSolutionNode = FALSE
	EndGlobalSection
	GlobalSection(ExtensibilityGlobals) = postSolution
		SolutionGuid = {82B8460E-AD76-42A4-912B-D54B0148B02E}
	EndGlobalSection
EndGlobal
